// !$*UTF8*$!
{
	archiveVersion = 1;
	classes = {
	};
	objectVersion = 56;
	objects = {

/* Begin PBXBuildFile section */
		AD011FF62ACCBF2F00A51C81 /* NYCSchoolsApp.swift in Sources */ = {isa = PBXBuildFile; fileRef = AD011FF52ACCBF2F00A51C81 /* NYCSchoolsApp.swift */; };
		AD011FFA2ACCBF3100A51C81 /* Assets.xcassets in Resources */ = {isa = PBXBuildFile; fileRef = AD011FF92ACCBF3100A51C81 /* Assets.xcassets */; };
		AD011FFD2ACCBF3100A51C81 /* Preview Assets.xcassets in Resources */ = {isa = PBXBuildFile; fileRef = AD011FFC2ACCBF3100A51C81 /* Preview Assets.xcassets */; };
		AD0120072ACCBF3100A51C81 /* NYCSchoolsTests.swift in Sources */ = {isa = PBXBuildFile; fileRef = AD0120062ACCBF3100A51C81 /* NYCSchoolsTests.swift */; };
		AD0120112ACCBF3100A51C81 /* NYCSchoolsUITests.swift in Sources */ = {isa = PBXBuildFile; fileRef = AD0120102ACCBF3100A51C81 /* NYCSchoolsUITests.swift */; };
		AD0120132ACCBF3100A51C81 /* NYCSchoolsUITestsLaunchTests.swift in Sources */ = {isa = PBXBuildFile; fileRef = AD0120122ACCBF3100A51C81 /* NYCSchoolsUITestsLaunchTests.swift */; };
		AD0120202ACCBFB000A51C81 /* School.swift in Sources */ = {isa = PBXBuildFile; fileRef = AD01201F2ACCBFB000A51C81 /* School.swift */; };
		AD0120222ACCC02000A51C81 /* SchoolService.swift in Sources */ = {isa = PBXBuildFile; fileRef = AD0120212ACCC02000A51C81 /* SchoolService.swift */; };
		AD0120242ACCC0DC00A51C81 /* SchoolView.swift in Sources */ = {isa = PBXBuildFile; fileRef = AD0120232ACCC0DC00A51C81 /* SchoolView.swift */; };
		AD0120262ACCC1DF00A51C81 /* SATScore.swift in Sources */ = {isa = PBXBuildFile; fileRef = AD0120252ACCC1DE00A51C81 /* SATScore.swift */; };
		AD0120282ACCC21D00A51C81 /* SchoolDetailView.swift in Sources */ = {isa = PBXBuildFile; fileRef = AD0120272ACCC21D00A51C81 /* SchoolDetailView.swift */; };
		AD01202D2ACCD98500A51C81 /* SchoolViewModel.swift in Sources */ = {isa = PBXBuildFile; fileRef = AD01202C2ACCD98500A51C81 /* SchoolViewModel.swift */; };
		AD01202F2ACCD99700A51C81 /* SchoolDetailViewModel.swift in Sources */ = {isa = PBXBuildFile; fileRef = AD01202E2ACCD99700A51C81 /* SchoolDetailViewModel.swift */; };
		AD0120312ACCDFEC00A51C81 /* SortOrder.swift in Sources */ = {isa = PBXBuildFile; fileRef = AD0120302ACCDFEC00A51C81 /* SortOrder.swift */; };
		AD0120332ACCE48900A51C81 /* testSchools.swift in Sources */ = {isa = PBXBuildFile; fileRef = AD0120322ACCE48900A51C81 /* testSchools.swift */; };
/* End PBXBuildFile section */

/* Begin PBXContainerItemProxy section */
		AD0120032ACCBF3100A51C81 /* PBXContainerItemProxy */ = {
			isa = PBXContainerItemProxy;
			containerPortal = AD011FEA2ACCBF2F00A51C81 /* Project object */;
			proxyType = 1;
			remoteGlobalIDString = AD011FF12ACCBF2F00A51C81;
			remoteInfo = NYCSchools;
		};
		AD01200D2ACCBF3100A51C81 /* PBXContainerItemProxy */ = {
			isa = PBXContainerItemProxy;
			containerPortal = AD011FEA2ACCBF2F00A51C81 /* Project object */;
			proxyType = 1;
			remoteGlobalIDString = AD011FF12ACCBF2F00A51C81;
			remoteInfo = NYCSchools;
		};
/* End PBXContainerItemProxy section */

/* Begin PBXFileReference section */
		AD011FF22ACCBF2F00A51C81 /* NYCSchools.app */ = {isa = PBXFileReference; explicitFileType = wrapper.application; includeInIndex = 0; path = NYCSchools.app; sourceTree = BUILT_PRODUCTS_DIR; };
		AD011FF52ACCBF2F00A51C81 /* NYCSchoolsApp.swift */ = {isa = PBXFileReference; lastKnownFileType = sourcecode.swift; path = NYCSchoolsApp.swift; sourceTree = "<group>"; };
		AD011FF92ACCBF3100A51C81 /* Assets.xcassets */ = {isa = PBXFileReference; lastKnownFileType = folder.assetcatalog; path = Assets.xcassets; sourceTree = "<group>"; };
		AD011FFC2ACCBF3100A51C81 /* Preview Assets.xcassets */ = {isa = PBXFileReference; lastKnownFileType = folder.assetcatalog; path = "Preview Assets.xcassets"; sourceTree = "<group>"; };
		AD0120022ACCBF3100A51C81 /* NYCSchoolsTests.xctest */ = {isa = PBXFileReference; explicitFileType = wrapper.cfbundle; includeInIndex = 0; path = NYCSchoolsTests.xctest; sourceTree = BUILT_PRODUCTS_DIR; };
		AD0120062ACCBF3100A51C81 /* NYCSchoolsTests.swift */ = {isa = PBXFileReference; lastKnownFileType = sourcecode.swift; path = NYCSchoolsTests.swift; sourceTree = "<group>"; };
		AD01200C2ACCBF3100A51C81 /* NYCSchoolsUITests.xctest */ = {isa = PBXFileReference; explicitFileType = wrapper.cfbundle; includeInIndex = 0; path = NYCSchoolsUITests.xctest; sourceTree = BUILT_PRODUCTS_DIR; };
		AD0120102ACCBF3100A51C81 /* NYCSchoolsUITests.swift */ = {isa = PBXFileReference; lastKnownFileType = sourcecode.swift; path = NYCSchoolsUITests.swift; sourceTree = "<group>"; };
		AD0120122ACCBF3100A51C81 /* NYCSchoolsUITestsLaunchTests.swift */ = {isa = PBXFileReference; lastKnownFileType = sourcecode.swift; path = NYCSchoolsUITestsLaunchTests.swift; sourceTree = "<group>"; };
		AD01201F2ACCBFB000A51C81 /* School.swift */ = {isa = PBXFileReference; lastKnownFileType = sourcecode.swift; path = School.swift; sourceTree = "<group>"; };
		AD0120212ACCC02000A51C81 /* SchoolService.swift */ = {isa = PBXFileReference; lastKnownFileType = sourcecode.swift; path = SchoolService.swift; sourceTree = "<group>"; };
		AD0120232ACCC0DC00A51C81 /* SchoolView.swift */ = {isa = PBXFileReference; lastKnownFileType = sourcecode.swift; path = SchoolView.swift; sourceTree = "<group>"; };
		AD0120252ACCC1DE00A51C81 /* SATScore.swift */ = {isa = PBXFileReference; lastKnownFileType = sourcecode.swift; path = SATScore.swift; sourceTree = "<group>"; };
		AD0120272ACCC21D00A51C81 /* SchoolDetailView.swift */ = {isa = PBXFileReference; lastKnownFileType = sourcecode.swift; path = SchoolDetailView.swift; sourceTree = "<group>"; };
		AD01202C2ACCD98500A51C81 /* SchoolViewModel.swift */ = {isa = PBXFileReference; lastKnownFileType = sourcecode.swift; path = SchoolViewModel.swift; sourceTree = "<group>"; };
		AD01202E2ACCD99700A51C81 /* SchoolDetailViewModel.swift */ = {isa = PBXFileReference; lastKnownFileType = sourcecode.swift; path = SchoolDetailViewModel.swift; sourceTree = "<group>"; };
		AD0120302ACCDFEC00A51C81 /* SortOrder.swift */ = {isa = PBXFileReference; lastKnownFileType = sourcecode.swift; path = SortOrder.swift; sourceTree = "<group>"; };
		AD0120322ACCE48900A51C81 /* testSchools.swift */ = {isa = PBXFileReference; lastKnownFileType = sourcecode.swift; path = testSchools.swift; sourceTree = "<group>"; };
/* End PBXFileReference section */

/* Begin PBXFrameworksBuildPhase section */
		AD011FEF2ACCBF2F00A51C81 /* Frameworks */ = {
			isa = PBXFrameworksBuildPhase;
			buildActionMask = 2147483647;
			files = (
			);
			runOnlyForDeploymentPostprocessing = 0;
		};
		AD011FFF2ACCBF3100A51C81 /* Frameworks */ = {
			isa = PBXFrameworksBuildPhase;
			buildActionMask = 2147483647;
			files = (
			);
			runOnlyForDeploymentPostprocessing = 0;
		};
		AD0120092ACCBF3100A51C81 /* Frameworks */ = {
			isa = PBXFrameworksBuildPhase;
			buildActionMask = 2147483647;
			files = (
			);
			runOnlyForDeploymentPostprocessing = 0;
		};
/* End PBXFrameworksBuildPhase section */

/* Begin PBXGroup section */
		AD011FE92ACCBF2F00A51C81 = {
			isa = PBXGroup;
			children = (
				AD011FF42ACCBF2F00A51C81 /* NYCSchools */,
				AD0120052ACCBF3100A51C81 /* NYCSchoolsTests */,
				AD01200F2ACCBF3100A51C81 /* NYCSchoolsUITests */,
				AD011FF32ACCBF2F00A51C81 /* Products */,
			);
			sourceTree = "<group>";
		};
		AD011FF32ACCBF2F00A51C81 /* Products */ = {
			isa = PBXGroup;
			children = (
				AD011FF22ACCBF2F00A51C81 /* NYCSchools.app */,
				AD0120022ACCBF3100A51C81 /* NYCSchoolsTests.xctest */,
				AD01200C2ACCBF3100A51C81 /* NYCSchoolsUITests.xctest */,
			);
			name = Products;
			sourceTree = "<group>";
		};
		AD011FF42ACCBF2F00A51C81 /* NYCSchools */ = {
			isa = PBXGroup;
			children = (
				AD011FF52ACCBF2F00A51C81 /* NYCSchoolsApp.swift */,
				AD011FF92ACCBF3100A51C81 /* Assets.xcassets */,
				AD011FFB2ACCBF3100A51C81 /* Preview Content */,
				AD0120292ACCD7A000A51C81 /* Model */,
				AD01202A2ACCD7BD00A51C81 /* View */,
				AD01202B2ACCD95500A51C81 /* ViewModel */,
				AD0120302ACCDFEC00A51C81 /* SortOrder.swift */,
				AD0120212ACCC02000A51C81 /* SchoolService.swift */,
			);
			path = NYCSchools;
			sourceTree = "<group>";
		};
		AD011FFB2ACCBF3100A51C81 /* Preview Content */ = {
			isa = PBXGroup;
			children = (
				AD011FFC2ACCBF3100A51C81 /* Preview Assets.xcassets */,
			);
			path = "Preview Content";
			sourceTree = "<group>";
		};
		AD0120052ACCBF3100A51C81 /* NYCSchoolsTests */ = {
			isa = PBXGroup;
			children = (
				AD0120062ACCBF3100A51C81 /* NYCSchoolsTests.swift */,
				AD0120322ACCE48900A51C81 /* testSchools.swift */,
			);
			path = NYCSchoolsTests;
			sourceTree = "<group>";
		};
		AD01200F2ACCBF3100A51C81 /* NYCSchoolsUITests */ = {
			isa = PBXGroup;
			children = (
				AD0120102ACCBF3100A51C81 /* NYCSchoolsUITests.swift */,
				AD0120122ACCBF3100A51C81 /* NYCSchoolsUITestsLaunchTests.swift */,
			);
			path = NYCSchoolsUITests;
			sourceTree = "<group>";
		};
		AD0120292ACCD7A000A51C81 /* Model */ = {
			isa = PBXGroup;
			children = (
				AD01201F2ACCBFB000A51C81 /* School.swift */,
				AD0120252ACCC1DE00A51C81 /* SATScore.swift */,
			);
			path = Model;
			sourceTree = "<group>";
		};
		AD01202A2ACCD7BD00A51C81 /* View */ = {
			isa = PBXGroup;
			children = (
				AD0120232ACCC0DC00A51C81 /* SchoolView.swift */,
				AD0120272ACCC21D00A51C81 /* SchoolDetailView.swift */,
			);
			path = View;
			sourceTree = "<group>";
		};
		AD01202B2ACCD95500A51C81 /* ViewModel */ = {
			isa = PBXGroup;
			children = (
				AD01202C2ACCD98500A51C81 /* SchoolViewModel.swift */,
				AD01202E2ACCD99700A51C81 /* SchoolDetailViewModel.swift */,
			);
			path = ViewModel;
			sourceTree = "<group>";
		};
/* End PBXGroup section */

/* Begin PBXNativeTarget section */
		AD011FF12ACCBF2F00A51C81 /* NYCSchools */ = {
			isa = PBXNativeTarget;
			buildConfigurationList = AD0120162ACCBF3100A51C81 /* Build configuration list for PBXNativeTarget "NYCSchools" */;
			buildPhases = (
				AD011FEE2ACCBF2F00A51C81 /* Sources */,
				AD011FEF2ACCBF2F00A51C81 /* Frameworks */,
				AD011FF02ACCBF2F00A51C81 /* Resources */,
			);
			buildRules = (
			);
			dependencies = (
			);
			name = NYCSchools;
			productName = NYCSchools;
			productReference = AD011FF22ACCBF2F00A51C81 /* NYCSchools.app */;
			productType = "com.apple.product-type.application";
		};
		AD0120012ACCBF3100A51C81 /* NYCSchoolsTests */ = {
			isa = PBXNativeTarget;
			buildConfigurationList = AD0120192ACCBF3100A51C81 /* Build configuration list for PBXNativeTarget "NYCSchoolsTests" */;
			buildPhases = (
				AD011FFE2ACCBF3100A51C81 /* Sources */,
				AD011FFF2ACCBF3100A51C81 /* Frameworks */,
				AD0120002ACCBF3100A51C81 /* Resources */,
			);
			buildRules = (
			);
			dependencies = (
				AD0120042ACCBF3100A51C81 /* PBXTargetDependency */,
			);
			name = NYCSchoolsTests;
			productName = NYCSchoolsTests;
			productReference = AD0120022ACCBF3100A51C81 /* NYCSchoolsTests.xctest */;
			productType = "com.apple.product-type.bundle.unit-test";
		};
		AD01200B2ACCBF3100A51C81 /* NYCSchoolsUITests */ = {
			isa = PBXNativeTarget;
			buildConfigurationList = AD01201C2ACCBF3100A51C81 /* Build configuration list for PBXNativeTarget "NYCSchoolsUITests" */;
			buildPhases = (
				AD0120082ACCBF3100A51C81 /* Sources */,
				AD0120092ACCBF3100A51C81 /* Frameworks */,
				AD01200A2ACCBF3100A51C81 /* Resources */,
			);
			buildRules = (
			);
			dependencies = (
				AD01200E2ACCBF3100A51C81 /* PBXTargetDependency */,
			);
			name = NYCSchoolsUITests;
			productName = NYCSchoolsUITests;
			productReference = AD01200C2ACCBF3100A51C81 /* NYCSchoolsUITests.xctest */;
			productType = "com.apple.product-type.bundle.ui-testing";
		};
/* End PBXNativeTarget section */

/* Begin PBXProject section */
		AD011FEA2ACCBF2F00A51C81 /* Project object */ = {
			isa = PBXProject;
			attributes = {
				BuildIndependentTargetsInParallel = 1;
				LastSwiftUpdateCheck = 1500;
				LastUpgradeCheck = 1500;
				TargetAttributes = {
					AD011FF12ACCBF2F00A51C81 = {
						CreatedOnToolsVersion = 15.0;
					};
					AD0120012ACCBF3100A51C81 = {
						CreatedOnToolsVersion = 15.0;
						TestTargetID = AD011FF12ACCBF2F00A51C81;
					};
					AD01200B2ACCBF3100A51C81 = {
						CreatedOnToolsVersion = 15.0;
						TestTargetID = AD011FF12ACCBF2F00A51C81;
					};
				};
			};
			buildConfigurationList = AD011FED2ACCBF2F00A51C81 /* Build configuration list for PBXProject "NYCSchools" */;
			compatibilityVersion = "Xcode 14.0";
			developmentRegion = en;
			hasScannedForEncodings = 0;
			knownRegions = (
				en,
				Base,
			);
			mainGroup = AD011FE92ACCBF2F00A51C81;
			productRefGroup = AD011FF32ACCBF2F00A51C81 /* Products */;
			projectDirPath = "";
			projectRoot = "";
			targets = (
				AD011FF12ACCBF2F00A51C81 /* NYCSchools */,
				AD0120012ACCBF3100A51C81 /* NYCSchoolsTests */,
				AD01200B2ACCBF3100A51C81 /* NYCSchoolsUITests */,
			);
		};
/* End PBXProject section */

/* Begin PBXResourcesBuildPhase section */
		AD011FF02ACCBF2F00A51C81 /* Resources */ = {
			isa = PBXResourcesBuildPhase;
			buildActionMask = 2147483647;
			files = (
				AD011FFD2ACCBF3100A51C81 /* Preview Assets.xcassets in Resources */,
				AD011FFA2ACCBF3100A51C81 /* Assets.xcassets in Resources */,
			);
			runOnlyForDeploymentPostprocessing = 0;
		};
		AD0120002ACCBF3100A51C81 /* Resources */ = {
			isa = PBXResourcesBuildPhase;
			buildActionMask = 2147483647;
			files = (
			);
			runOnlyForDeploymentPostprocessing = 0;
		};
		AD01200A2ACCBF3100A51C81 /* Resources */ = {
			isa = PBXResourcesBuildPhase;
			buildActionMask = 2147483647;
			files = (
			);
			runOnlyForDeploymentPostprocessing = 0;
		};
/* End PBXResourcesBuildPhase section */

/* Begin PBXSourcesBuildPhase section */
		AD011FEE2ACCBF2F00A51C81 /* Sources */ = {
			isa = PBXSourcesBuildPhase;
			buildActionMask = 2147483647;
			files = (
				AD0120282ACCC21D00A51C81 /* SchoolDetailView.swift in Sources */,
				AD0120242ACCC0DC00A51C81 /* SchoolView.swift in Sources */,
				AD0120202ACCBFB000A51C81 /* School.swift in Sources */,
				AD0120262ACCC1DF00A51C81 /* SATScore.swift in Sources */,
				AD0120312ACCDFEC00A51C81 /* SortOrder.swift in Sources */,
				AD011FF62ACCBF2F00A51C81 /* NYCSchoolsApp.swift in Sources */,
				AD01202F2ACCD99700A51C81 /* SchoolDetailViewModel.swift in Sources */,
				AD0120222ACCC02000A51C81 /* SchoolService.swift in Sources */,
				AD01202D2ACCD98500A51C81 /* SchoolViewModel.swift in Sources */,
			);
			runOnlyForDeploymentPostprocessing = 0;
		};
		AD011FFE2ACCBF3100A51C81 /* Sources */ = {
			isa = PBXSourcesBuildPhase;
			buildActionMask = 2147483647;
			files = (
				AD0120072ACCBF3100A51C81 /* NYCSchoolsTests.swift in Sources */,
				AD0120332ACCE48900A51C81 /* testSchools.swift in Sources */,
			);
			runOnlyForDeploymentPostprocessing = 0;
		};
		AD0120082ACCBF3100A51C81 /* Sources */ = {
			isa = PBXSourcesBuildPhase;
			buildActionMask = 2147483647;
			files = (
				AD0120112ACCBF3100A51C81 /* NYCSchoolsUITests.swift in Sources */,
				AD0120132ACCBF3100A51C81 /* NYCSchoolsUITestsLaunchTests.swift in Sources */,
			);
			runOnlyForDeploymentPostprocessing = 0;
		};
/* End PBXSourcesBuildPhase section */

/* Begin PBXTargetDependency section */
		AD0120042ACCBF3100A51C81 /* PBXTargetDependency */ = {
			isa = PBXTargetDependency;
			target = AD011FF12ACCBF2F00A51C81 /* NYCSchools */;
			targetProxy = AD0120032ACCBF3100A51C81 /* PBXContainerItemProxy */;
		};
		AD01200E2ACCBF3100A51C81 /* PBXTargetDependency */ = {
			isa = PBXTargetDependency;
			target = AD011FF12ACCBF2F00A51C81 /* NYCSchools */;
			targetProxy = AD01200D2ACCBF3100A51C81 /* PBXContainerItemProxy */;
		};
/* End PBXTargetDependency section */

/* Begin XCBuildConfiguration section */
		AD0120142ACCBF3100A51C81 /* Debug */ = {
			isa = XCBuildConfiguration;
			buildSettings = {
				ALWAYS_SEARCH_USER_PATHS = NO;
				ASSETCATALOG_COMPILER_GENERATE_SWIFT_ASSET_SYMBOL_EXTENSIONS = YES;
				CLANG_ANALYZER_NONNULL = YES;
				CLANG_ANALYZER_NUMBER_OBJECT_CONVERSION = YES_AGGRESSIVE;
				CLANG_CXX_LANGUAGE_STANDARD = "gnu++20";
				CLANG_ENABLE_MODULES = YES;
				CLANG_ENABLE_OBJC_ARC = YES;
				CLANG_ENABLE_OBJC_WEAK = YES;
				CLANG_WARN_BLOCK_CAPTURE_AUTORELEASING = YES;
				CLANG_WARN_BOOL_CONVERSION = YES;
				CLANG_WARN_COMMA = YES;
				CLANG_WARN_CONSTANT_CONVERSION = YES;
				CLANG_WARN_DEPRECATED_OBJC_IMPLEMENTATIONS = YES;
				CLANG_WARN_DIRECT_OBJC_ISA_USAGE = YES_ERROR;
				CLANG_WARN_DOCUMENTATION_COMMENTS = YES;
				CLANG_WARN_EMPTY_BODY = YES;
				CLANG_WARN_ENUM_CONVERSION = YES;
				CLANG_WARN_INFINITE_RECURSION = YES;
				CLANG_WARN_INT_CONVERSION = YES;
				CLANG_WARN_NON_LITERAL_NULL_CONVERSION = YES;
				CLANG_WARN_OBJC_IMPLICIT_RETAIN_SELF = YES;
				CLANG_WARN_OBJC_LITERAL_CONVERSION = YES;
				CLANG_WARN_OBJC_ROOT_CLASS = YES_ERROR;
				CLANG_WARN_QUOTED_INCLUDE_IN_FRAMEWORK_HEADER = YES;
				CLANG_WARN_RANGE_LOOP_ANALYSIS = YES;
				CLANG_WARN_STRICT_PROTOTYPES = YES;
				CLANG_WARN_SUSPICIOUS_MOVE = YES;
				CLANG_WARN_UNGUARDED_AVAILABILITY = YES_AGGRESSIVE;
				CLANG_WARN_UNREACHABLE_CODE = YES;
				CLANG_WARN__DUPLICATE_METHOD_MATCH = YES;
				COPY_PHASE_STRIP = NO;
				DEBUG_INFORMATION_FORMAT = dwarf;
				ENABLE_STRICT_OBJC_MSGSEND = YES;
				ENABLE_TESTABILITY = YES;
				ENABLE_USER_SCRIPT_SANDBOXING = YES;
				GCC_C_LANGUAGE_STANDARD = gnu17;
				GCC_DYNAMIC_NO_PIC = NO;
				GCC_NO_COMMON_BLOCKS = YES;
				GCC_OPTIMIZATION_LEVEL = 0;
				GCC_PREPROCESSOR_DEFINITIONS = (
					"DEBUG=1",
					"$(inherited)",
				);
				GCC_WARN_64_TO_32_BIT_CONVERSION = YES;
				GCC_WARN_ABOUT_RETURN_TYPE = YES_ERROR;
				GCC_WARN_UNDECLARED_SELECTOR = YES;
				GCC_WARN_UNINITIALIZED_AUTOS = YES_AGGRESSIVE;
				GCC_WARN_UNUSED_FUNCTION = YES;
				GCC_WARN_UNUSED_VARIABLE = YES;
				IPHONEOS_DEPLOYMENT_TARGET = 17.0;
				LOCALIZATION_PREFERS_STRING_CATALOGS = YES;
				MTL_ENABLE_DEBUG_INFO = INCLUDE_SOURCE;
				MTL_FAST_MATH = YES;
				ONLY_ACTIVE_ARCH = YES;
				SDKROOT = iphoneos;
				SWIFT_ACTIVE_COMPILATION_CONDITIONS = "DEBUG $(inherited)";
				SWIFT_OPTIMIZATION_LEVEL = "-Onone";
			};
			name = Debug;
		};
		AD0120152ACCBF3100A51C81 /* Release */ = {
			isa = XCBuildConfiguration;
			buildSettings = {
				ALWAYS_SEARCH_USER_PATHS = NO;
				ASSETCATALOG_COMPILER_GENERATE_SWIFT_ASSET_SYMBOL_EXTENSIONS = YES;
				CLANG_ANALYZER_NONNULL = YES;
				CLANG_ANALYZER_NUMBER_OBJECT_CONVERSION = YES_AGGRESSIVE;
				CLANG_CXX_LANGUAGE_STANDARD = "gnu++20";
				CLANG_ENABLE_MODULES = YES;
				CLANG_ENABLE_OBJC_ARC = YES;
				CLANG_ENABLE_OBJC_WEAK = YES;
				CLANG_WARN_BLOCK_CAPTURE_AUTORELEASING = YES;
				CLANG_WARN_BOOL_CONVERSION = YES;
				CLANG_WARN_COMMA = YES;
				CLANG_WARN_CONSTANT_CONVERSION = YES;
				CLANG_WARN_DEPRECATED_OBJC_IMPLEMENTATIONS = YES;
				CLANG_WARN_DIRECT_OBJC_ISA_USAGE = YES_ERROR;
				CLANG_WARN_DOCUMENTATION_COMMENTS = YES;
				CLANG_WARN_EMPTY_BODY = YES;
				CLANG_WARN_ENUM_CONVERSION = YES;
				CLANG_WARN_INFINITE_RECURSION = YES;
				CLANG_WARN_INT_CONVERSION = YES;
				CLANG_WARN_NON_LITERAL_NULL_CONVERSION = YES;
				CLANG_WARN_OBJC_IMPLICIT_RETAIN_SELF = YES;
				CLANG_WARN_OBJC_LITERAL_CONVERSION = YES;
				CLANG_WARN_OBJC_ROOT_CLASS = YES_ERROR;
				CLANG_WARN_QUOTED_INCLUDE_IN_FRAMEWORK_HEADER = YES;
				CLANG_WARN_RANGE_LOOP_ANALYSIS = YES;
				CLANG_WARN_STRICT_PROTOTYPES = YES;
				CLANG_WARN_SUSPICIOUS_MOVE = YES;
				CLANG_WARN_UNGUARDED_AVAILABILITY = YES_AGGRESSIVE;
				CLANG_WARN_UNREACHABLE_CODE = YES;
				CLANG_WARN__DUPLICATE_METHOD_MATCH = YES;
				COPY_PHASE_STRIP = NO;
				DEBUG_INFORMATION_FORMAT = "dwarf-with-dsym";
				ENABLE_NS_ASSERTIONS = NO;
				ENABLE_STRICT_OBJC_MSGSEND = YES;
				ENABLE_USER_SCRIPT_SANDBOXING = YES;
				GCC_C_LANGUAGE_STANDARD = gnu17;
				GCC_NO_COMMON_BLOCKS = YES;
				GCC_WARN_64_TO_32_BIT_CONVERSION = YES;
				GCC_WARN_ABOUT_RETURN_TYPE = YES_ERROR;
				GCC_WARN_UNDECLARED_SELECTOR = YES;
				GCC_WARN_UNINITIALIZED_AUTOS = YES_AGGRESSIVE;
				GCC_WARN_UNUSED_FUNCTION = YES;
				GCC_WARN_UNUSED_VARIABLE = YES;
				IPHONEOS_DEPLOYMENT_TARGET = 17.0;
				LOCALIZATION_PREFERS_STRING_CATALOGS = YES;
				MTL_ENABLE_DEBUG_INFO = NO;
				MTL_FAST_MATH = YES;
				SDKROOT = iphoneos;
				SWIFT_COMPILATION_MODE = wholemodule;
				VALIDATE_PRODUCT = YES;
			};
			name = Release;
		};
		AD0120172ACCBF3100A51C81 /* Debug */ = {
			isa = XCBuildConfiguration;
			buildSettings = {
				ASSETCATALOG_COMPILER_APPICON_NAME = AppIcon;
				ASSETCATALOG_COMPILER_GLOBAL_ACCENT_COLOR_NAME = AccentColor;
				CODE_SIGN_STYLE = Automatic;
				CURRENT_PROJECT_VERSION = 1;
				DEVELOPMENT_ASSET_PATHS = "\"NYCSchools/Preview Content\"";
				DEVELOPMENT_TEAM = KTBBQ39D8P;
				ENABLE_PREVIEWS = YES;
				GENERATE_INFOPLIST_FILE = YES;
				INFOPLIST_KEY_UIApplicationSceneManifest_Generation = YES;
				INFOPLIST_KEY_UIApplicationSupportsIndirectInputEvents = YES;
				INFOPLIST_KEY_UILaunchScreen_Generation = YES;
				INFOPLIST_KEY_UISupportedInterfaceOrientations_iPad = "UIInterfaceOrientationPortrait UIInterfaceOrientationPortraitUpsideDown UIInterfaceOrientationLandscapeLeft UIInterfaceOrientationLandscapeRight";
				INFOPLIST_KEY_UISupportedInterfaceOrientations_iPhone = "UIInterfaceOrientationPortrait UIInterfaceOrientationLandscapeLeft UIInterfaceOrientationLandscapeRight";
				IPHONEOS_DEPLOYMENT_TARGET = 16.0;
				LD_RUNPATH_SEARCH_PATHS = (
					"$(inherited)",
					"@executable_path/Frameworks",
				);
				MARKETING_VERSION = 1.0;
				PRODUCT_BUNDLE_IDENTIFIER = WeiqiZhuang.com.NYCSchools;
				PRODUCT_NAME = "$(TARGET_NAME)";
				SWIFT_EMIT_LOC_STRINGS = YES;
				SWIFT_VERSION = 5.0;
				TARGETED_DEVICE_FAMILY = "1,2";
			};
			name = Debug;
		};
		AD0120182ACCBF3100A51C81 /* Release */ = {
			isa = XCBuildConfiguration;
			buildSettings = {
				ASSETCATALOG_COMPILER_APPICON_NAME = AppIcon;
				ASSETCATALOG_COMPILER_GLOBAL_ACCENT_COLOR_NAME = AccentColor;
				CODE_SIGN_STYLE = Automatic;
				CURRENT_PROJECT_VERSION = 1;
				DEVELOPMENT_ASSET_PATHS = "\"NYCSchools/Preview Content\"";
				DEVELOPMENT_TEAM = KTBBQ39D8P;
				ENABLE_PREVIEWS = YES;
				GENERATE_INFOPLIST_FILE = YES;
				INFOPLIST_KEY_UIApplicationSceneManifest_Generation = YES;
				INFOPLIST_KEY_UIApplicationSupportsIndirectInputEvents = YES;
				INFOPLIST_KEY_UILaunchScreen_Generation = YES;
				INFOPLIST_KEY_UISupportedInterfaceOrientations_iPad = "UIInterfaceOrientationPortrait UIInterfaceOrientationPortraitUpsideDown UIInterfaceOrientationLandscapeLeft UIInterfaceOrientationLandscapeRight";
				INFOPLIST_KEY_UISupportedInterfaceOrientations_iPhone = "UIInterfaceOrientationPortrait UIInterfaceOrientationLandscapeLeft UIInterfaceOrientationLandscapeRight";
				IPHONEOS_DEPLOYMENT_TARGET = 16.0;
				LD_RUNPATH_SEARCH_PATHS = (
					"$(inherited)",
					"@executable_path/Frameworks",
				);
				MARKETING_VERSION = 1.0;
				PRODUCT_BUNDLE_IDENTIFIER = WeiqiZhuang.com.NYCSchools;
				PRODUCT_NAME = "$(TARGET_NAME)";
				SWIFT_EMIT_LOC_STRINGS = YES;
				SWIFT_VERSION = 5.0;
				TARGETED_DEVICE_FAMILY = "1,2";
			};
			name = Release;
		};
		AD01201A2ACCBF3100A51C81 /* Debug */ = {
			isa = XCBuildConfiguration;
			buildSettings = {
				ALWAYS_EMBED_SWIFT_STANDARD_LIBRARIES = YES;
				BUNDLE_LOADER = "$(TEST_HOST)";
				CODE_SIGN_STYLE = Automatic;
				CURRENT_PROJECT_VERSION = 1;
				DEVELOPMENT_TEAM = KTBBQ39D8P;
				GENERATE_INFOPLIST_FILE = YES;
				IPHONEOS_DEPLOYMENT_TARGET = 17.0;
				MARKETING_VERSION = 1.0;
				PRODUCT_BUNDLE_IDENTIFIER = WeiqiZhuang.com.NYCSchoolsTests;
				PRODUCT_NAME = "$(TARGET_NAME)";
				SWIFT_EMIT_LOC_STRINGS = NO;
				SWIFT_VERSION = 5.0;
				TARGETED_DEVICE_FAMILY = "1,2";
				TEST_HOST = "$(BUILT_PRODUCTS_DIR)/NYCSchools.app/$(BUNDLE_EXECUTABLE_FOLDER_PATH)/NYCSchools";
			};
			name = Debug;
		};
		AD01201B2ACCBF3100A51C81 /* Release */ = {
			isa = XCBuildConfiguration;
			buildSettings = {
				ALWAYS_EMBED_SWIFT_STANDARD_LIBRARIES = YES;
				BUNDLE_LOADER = "$(TEST_HOST)";
				CODE_SIGN_STYLE = Automatic;
				CURRENT_PROJECT_VERSION = 1;
				DEVELOPMENT_TEAM = KTBBQ39D8P;
				GENERATE_INFOPLIST_FILE = YES;
				IPHONEOS_DEPLOYMENT_TARGET = 17.0;
				MARKETING_VERSION = 1.0;
				PRODUCT_BUNDLE_IDENTIFIER = WeiqiZhuang.com.NYCSchoolsTests;
				PRODUCT_NAME = "$(TARGET_NAME)";
				SWIFT_EMIT_LOC_STRINGS = NO;
				SWIFT_VERSION = 5.0;
				TARGETED_DEVICE_FAMILY = "1,2";
				TEST_HOST = "$(BUILT_PRODUCTS_DIR)/NYCSchools.app/$(BUNDLE_EXECUTABLE_FOLDER_PATH)/NYCSchools";
			};
			name = Release;
		};
		AD01201D2ACCBF3100A51C81 /* Debug */ = {
			isa = XCBuildConfiguration;
			buildSettings = {
				ALWAYS_EMBED_SWIFT_STANDARD_LIBRARIES = YES;
				CODE_SIGN_STYLE = Automatic;
				CURRENT_PROJECT_VERSION = 1;
				DEVELOPMENT_TEAM = KTBBQ39D8P;
				GENERATE_INFOPLIST_FILE = YES;
				MARKETING_VERSION = 1.0;
				PRODUCT_BUNDLE_IDENTIFIER = WeiqiZhuang.com.NYCSchoolsUITests;
				PRODUCT_NAME = "$(TARGET_NAME)";
				SWIFT_EMIT_LOC_STRINGS = NO;
				SWIFT_VERSION = 5.0;
				TARGETED_DEVICE_FAMILY = "1,2";
				TEST_TARGET_NAME = NYCSchools;
			};
			name = Debug;
		};
		AD01201E2ACCBF3100A51C81 /* Release */ = {
			isa = XCBuildConfiguration;
			buildSettings = {
				ALWAYS_EMBED_SWIFT_STANDARD_LIBRARIES = YES;
				CODE_SIGN_STYLE = Automatic;
				CURRENT_PROJECT_VERSION = 1;
				DEVELOPMENT_TEAM = KTBBQ39D8P;
				GENERATE_INFOPLIST_FILE = YES;
				MARKETING_VERSION = 1.0;
				PRODUCT_BUNDLE_IDENTIFIER = WeiqiZhuang.com.NYCSchoolsUITests;
				PRODUCT_NAME = "$(TARGET_NAME)";
				SWIFT_EMIT_LOC_STRINGS = NO;
				SWIFT_VERSION = 5.0;
				TARGETED_DEVICE_FAMILY = "1,2";
				TEST_TARGET_NAME = NYCSchools;
			};
			name = Release;
		};
/* End XCBuildConfiguration section */

/* Begin XCConfigurationList section */
		AD011FED2ACCBF2F00A51C81 /* Build configuration list for PBXProject "NYCSchools" */ = {
			isa = XCConfigurationList;
			buildConfigurations = (
				AD0120142ACCBF3100A51C81 /* Debug */,
				AD0120152ACCBF3100A51C81 /* Release */,
			);
			defaultConfigurationIsVisible = 0;
			defaultConfigurationName = Release;
		};
		AD0120162ACCBF3100A51C81 /* Build configuration list for PBXNativeTarget "NYCSchools" */ = {
			isa = XCConfigurationList;
			buildConfigurations = (
				AD0120172ACCBF3100A51C81 /* Debug */,
				AD0120182ACCBF3100A51C81 /* Release */,
			);
			defaultConfigurationIsVisible = 0;
			defaultConfigurationName = Release;
		};
		AD0120192ACCBF3100A51C81 /* Build configuration list for PBXNativeTarget "NYCSchoolsTests" */ = {
			isa = XCConfigurationList;
			buildConfigurations = (
				AD01201A2ACCBF3100A51C81 /* Debug */,
				AD01201B2ACCBF3100A51C81 /* Release */,
			);
			defaultConfigurationIsVisible = 0;
			defaultConfigurationName = Release;
		};
		AD01201C2ACCBF3100A51C81 /* Build configuration list for PBXNativeTarget "NYCSchoolsUITests" */ = {
			isa = XCConfigurationList;
			buildConfigurations = (
				AD01201D2ACCBF3100A51C81 /* Debug */,
				AD01201E2ACCBF3100A51C81 /* Release */,
			);
			defaultConfigurationIsVisible = 0;
			defaultConfigurationName = Release;
		};
/* End XCConfigurationList section */
	};
	rootObject = AD011FEA2ACCBF2F00A51C81 /* Project object */;
}
